// !$*UTF8*$!
{
	archiveVersion = 1;
	classes = {
	};
	objectVersion = 55;
	objects = {

/* Begin PBXBuildFile section */
		224640A0AF2B03916025521F /* Pods_PetsApp_Vivek.framework in Frameworks */ = {isa = PBXBuildFile; fileRef = 12A806D6327B576D3BA2B51F /* Pods_PetsApp_Vivek.framework */; };
		650AA8C42910E31C00C4E3CE /* PetsError.swift in Sources */ = {isa = PBXBuildFile; fileRef = 650AA8C32910E31C00C4E3CE /* PetsError.swift */; };
		650AA8C62910E9B800C4E3CE /* DataManager.swift in Sources */ = {isa = PBXBuildFile; fileRef = 650AA8C52910E9B800C4E3CE /* DataManager.swift */; };
		650AA8CF2910F1C800C4E3CE /* Operation.swift in Sources */ = {isa = PBXBuildFile; fileRef = 650AA8CE2910F1C800C4E3CE /* Operation.swift */; };
		8E10C0D9291209310004C974 /* MockDataManager.swift in Sources */ = {isa = PBXBuildFile; fileRef = 8E10C0D8291209310004C974 /* MockDataManager.swift */; };
		8E6AF956290D1BE6005F4B62 /* AppDelegate.swift in Sources */ = {isa = PBXBuildFile; fileRef = 8E6AF955290D1BE6005F4B62 /* AppDelegate.swift */; };
		8E6AF958290D1BE6005F4B62 /* SceneDelegate.swift in Sources */ = {isa = PBXBuildFile; fileRef = 8E6AF957290D1BE6005F4B62 /* SceneDelegate.swift */; };
		8E6AF95D290D1BE6005F4B62 /* Main.storyboard in Resources */ = {isa = PBXBuildFile; fileRef = 8E6AF95B290D1BE6005F4B62 /* Main.storyboard */; };
		8E6AF95F290D1BE7005F4B62 /* Assets.xcassets in Resources */ = {isa = PBXBuildFile; fileRef = 8E6AF95E290D1BE7005F4B62 /* Assets.xcassets */; };
		8E6AF962290D1BE7005F4B62 /* LaunchScreen.storyboard in Resources */ = {isa = PBXBuildFile; fileRef = 8E6AF960290D1BE7005F4B62 /* LaunchScreen.storyboard */; };
		8E6AF999290D21BF005F4B62 /* PetsListViewController.swift in Sources */ = {isa = PBXBuildFile; fileRef = 8E6AF998290D21BF005F4B62 /* PetsListViewController.swift */; };
		8E6AF99F290D2677005F4B62 /* PetsListViewModel.swift in Sources */ = {isa = PBXBuildFile; fileRef = 8E6AF99E290D2677005F4B62 /* PetsListViewModel.swift */; };
		8E6AF9A1290D44A0005F4B62 /* pets_list.json in Resources */ = {isa = PBXBuildFile; fileRef = 8E6AF9A0290D44A0005F4B62 /* pets_list.json */; };
		8E6AF9A3290D44AF005F4B62 /* config.json in Resources */ = {isa = PBXBuildFile; fileRef = 8E6AF9A2290D44AF005F4B62 /* config.json */; };
		8E6AF9A5290D7CCA005F4B62 /* PetsListResponseModel.swift in Sources */ = {isa = PBXBuildFile; fileRef = 8E6AF9A4290D7CCA005F4B62 /* PetsListResponseModel.swift */; };
		8E6AF9A7290D910E005F4B62 /* Extensions.swift in Sources */ = {isa = PBXBuildFile; fileRef = 8E6AF9A6290D910E005F4B62 /* Extensions.swift */; };
		8E6AF9A9290E33BA005F4B62 /* Constants.swift in Sources */ = {isa = PBXBuildFile; fileRef = 8E6AF9A8290E33BA005F4B62 /* Constants.swift */; };
		8E6AF9AC290E388B005F4B62 /* PetsListTableCell.swift in Sources */ = {isa = PBXBuildFile; fileRef = 8E6AF9AB290E388B005F4B62 /* PetsListTableCell.swift */; };
		8E6AF9AF290E73F0005F4B62 /* PetDetailViewController.swift in Sources */ = {isa = PBXBuildFile; fileRef = 8E6AF9AE290E73F0005F4B62 /* PetDetailViewController.swift */; };
		8E6AF9B2290F609B005F4B62 /* ConfigModel.swift in Sources */ = {isa = PBXBuildFile; fileRef = 8E6AF9B1290F609A005F4B62 /* ConfigModel.swift */; };
		8E9E7F262910C81E00973838 /* PetDetailViewModel.swift in Sources */ = {isa = PBXBuildFile; fileRef = 8E9E7F252910C81E00973838 /* PetDetailViewModel.swift */; };
		8E9FFF6A29117AA2008FD705 /* PetListTest.swift in Sources */ = {isa = PBXBuildFile; fileRef = 8E9FFF6929117AA2008FD705 /* PetListTest.swift */; };
		F0A3F60F6F9AADD776F6E73E /* Pods_PetsApp_VivekTests.framework in Frameworks */ = {isa = PBXBuildFile; fileRef = C78A967D6FDADDFB4817FD02 /* Pods_PetsApp_VivekTests.framework */; };
/* End PBXBuildFile section */

/* Begin PBXContainerItemProxy section */
		8E6AF969290D1BE7005F4B62 /* PBXContainerItemProxy */ = {
			isa = PBXContainerItemProxy;
			containerPortal = 8E6AF94A290D1BE6005F4B62 /* Project object */;
			proxyType = 1;
			remoteGlobalIDString = 8E6AF951290D1BE6005F4B62;
			remoteInfo = PetsApp_Vivek;
		};
/* End PBXContainerItemProxy section */

/* Begin PBXFileReference section */
		0B7E74714B97651C920651FA /* Pods-PetsApp_Vivek.debug.xcconfig */ = {isa = PBXFileReference; includeInIndex = 1; lastKnownFileType = text.xcconfig; name = "Pods-PetsApp_Vivek.debug.xcconfig"; path = "Target Support Files/Pods-PetsApp_Vivek/Pods-PetsApp_Vivek.debug.xcconfig"; sourceTree = "<group>"; };
		12A806D6327B576D3BA2B51F /* Pods_PetsApp_Vivek.framework */ = {isa = PBXFileReference; explicitFileType = wrapper.framework; includeInIndex = 0; path = Pods_PetsApp_Vivek.framework; sourceTree = BUILT_PRODUCTS_DIR; };
		1C160DE2FA8694B35F67F5F1 /* Pods-PetsApp_VivekTests.release.xcconfig */ = {isa = PBXFileReference; includeInIndex = 1; lastKnownFileType = text.xcconfig; name = "Pods-PetsApp_VivekTests.release.xcconfig"; path = "Target Support Files/Pods-PetsApp_VivekTests/Pods-PetsApp_VivekTests.release.xcconfig"; sourceTree = "<group>"; };
		650AA8C32910E31C00C4E3CE /* PetsError.swift */ = {isa = PBXFileReference; lastKnownFileType = sourcecode.swift; path = PetsError.swift; sourceTree = "<group>"; };
		650AA8C52910E9B800C4E3CE /* DataManager.swift */ = {isa = PBXFileReference; lastKnownFileType = sourcecode.swift; path = DataManager.swift; sourceTree = "<group>"; };
		650AA8CE2910F1C800C4E3CE /* Operation.swift */ = {isa = PBXFileReference; lastKnownFileType = sourcecode.swift; path = Operation.swift; sourceTree = "<group>"; };
		7C64724F45C62C79E3E5867E /* Pods-PetsApp_Vivek.release.xcconfig */ = {isa = PBXFileReference; includeInIndex = 1; lastKnownFileType = text.xcconfig; name = "Pods-PetsApp_Vivek.release.xcconfig"; path = "Target Support Files/Pods-PetsApp_Vivek/Pods-PetsApp_Vivek.release.xcconfig"; sourceTree = "<group>"; };
		8E10C0D8291209310004C974 /* MockDataManager.swift */ = {isa = PBXFileReference; lastKnownFileType = sourcecode.swift; path = MockDataManager.swift; sourceTree = "<group>"; };
		8E6AF952290D1BE6005F4B62 /* PetsApp_Vivek.app */ = {isa = PBXFileReference; explicitFileType = wrapper.application; includeInIndex = 0; path = PetsApp_Vivek.app; sourceTree = BUILT_PRODUCTS_DIR; };
		8E6AF955290D1BE6005F4B62 /* AppDelegate.swift */ = {isa = PBXFileReference; lastKnownFileType = sourcecode.swift; path = AppDelegate.swift; sourceTree = "<group>"; };
		8E6AF957290D1BE6005F4B62 /* SceneDelegate.swift */ = {isa = PBXFileReference; lastKnownFileType = sourcecode.swift; path = SceneDelegate.swift; sourceTree = "<group>"; };
		8E6AF95C290D1BE6005F4B62 /* Base */ = {isa = PBXFileReference; lastKnownFileType = file.storyboard; name = Base; path = Base.lproj/Main.storyboard; sourceTree = "<group>"; };
		8E6AF95E290D1BE7005F4B62 /* Assets.xcassets */ = {isa = PBXFileReference; lastKnownFileType = folder.assetcatalog; path = Assets.xcassets; sourceTree = "<group>"; };
		8E6AF961290D1BE7005F4B62 /* Base */ = {isa = PBXFileReference; lastKnownFileType = file.storyboard; name = Base; path = Base.lproj/LaunchScreen.storyboard; sourceTree = "<group>"; };
		8E6AF963290D1BE7005F4B62 /* Info.plist */ = {isa = PBXFileReference; lastKnownFileType = text.plist.xml; path = Info.plist; sourceTree = "<group>"; };
		8E6AF968290D1BE7005F4B62 /* PetsApp_VivekTests.xctest */ = {isa = PBXFileReference; explicitFileType = wrapper.cfbundle; includeInIndex = 0; path = PetsApp_VivekTests.xctest; sourceTree = BUILT_PRODUCTS_DIR; };
		8E6AF998290D21BF005F4B62 /* PetsListViewController.swift */ = {isa = PBXFileReference; lastKnownFileType = sourcecode.swift; path = PetsListViewController.swift; sourceTree = "<group>"; };
		8E6AF99E290D2677005F4B62 /* PetsListViewModel.swift */ = {isa = PBXFileReference; lastKnownFileType = sourcecode.swift; path = PetsListViewModel.swift; sourceTree = "<group>"; };
		8E6AF9A0290D44A0005F4B62 /* pets_list.json */ = {isa = PBXFileReference; fileEncoding = 4; lastKnownFileType = text.json; path = pets_list.json; sourceTree = "<group>"; };
		8E6AF9A2290D44AF005F4B62 /* config.json */ = {isa = PBXFileReference; fileEncoding = 4; lastKnownFileType = text.json; path = config.json; sourceTree = "<group>"; };
		8E6AF9A4290D7CCA005F4B62 /* PetsListResponseModel.swift */ = {isa = PBXFileReference; lastKnownFileType = sourcecode.swift; path = PetsListResponseModel.swift; sourceTree = "<group>"; };
		8E6AF9A6290D910E005F4B62 /* Extensions.swift */ = {isa = PBXFileReference; lastKnownFileType = sourcecode.swift; path = Extensions.swift; sourceTree = "<group>"; };
		8E6AF9A8290E33BA005F4B62 /* Constants.swift */ = {isa = PBXFileReference; lastKnownFileType = sourcecode.swift; path = Constants.swift; sourceTree = "<group>"; };
		8E6AF9AB290E388B005F4B62 /* PetsListTableCell.swift */ = {isa = PBXFileReference; lastKnownFileType = sourcecode.swift; path = PetsListTableCell.swift; sourceTree = "<group>"; };
		8E6AF9AE290E73F0005F4B62 /* PetDetailViewController.swift */ = {isa = PBXFileReference; lastKnownFileType = sourcecode.swift; path = PetDetailViewController.swift; sourceTree = "<group>"; };
		8E6AF9B1290F609A005F4B62 /* ConfigModel.swift */ = {isa = PBXFileReference; lastKnownFileType = sourcecode.swift; path = ConfigModel.swift; sourceTree = "<group>"; };
		8E9E7F252910C81E00973838 /* PetDetailViewModel.swift */ = {isa = PBXFileReference; lastKnownFileType = sourcecode.swift; path = PetDetailViewModel.swift; sourceTree = "<group>"; };
		8E9FFF6929117AA2008FD705 /* PetListTest.swift */ = {isa = PBXFileReference; lastKnownFileType = sourcecode.swift; path = PetListTest.swift; sourceTree = "<group>"; };
		B63D093F2072959F12648380 /* Pods-PetsApp_VivekTests.debug.xcconfig */ = {isa = PBXFileReference; includeInIndex = 1; lastKnownFileType = text.xcconfig; name = "Pods-PetsApp_VivekTests.debug.xcconfig"; path = "Target Support Files/Pods-PetsApp_VivekTests/Pods-PetsApp_VivekTests.debug.xcconfig"; sourceTree = "<group>"; };
		C78A967D6FDADDFB4817FD02 /* Pods_PetsApp_VivekTests.framework */ = {isa = PBXFileReference; explicitFileType = wrapper.framework; includeInIndex = 0; path = Pods_PetsApp_VivekTests.framework; sourceTree = BUILT_PRODUCTS_DIR; };
/* End PBXFileReference section */

/* Begin PBXFrameworksBuildPhase section */
		8E6AF94F290D1BE6005F4B62 /* Frameworks */ = {
			isa = PBXFrameworksBuildPhase;
			buildActionMask = 2147483647;
			files = (
				224640A0AF2B03916025521F /* Pods_PetsApp_Vivek.framework in Frameworks */,
			);
			runOnlyForDeploymentPostprocessing = 0;
		};
		8E6AF965290D1BE7005F4B62 /* Frameworks */ = {
			isa = PBXFrameworksBuildPhase;
			buildActionMask = 2147483647;
			files = (
				F0A3F60F6F9AADD776F6E73E /* Pods_PetsApp_VivekTests.framework in Frameworks */,
			);
			runOnlyForDeploymentPostprocessing = 0;
		};
/* End PBXFrameworksBuildPhase section */

/* Begin PBXGroup section */
		650AA8C12910E2AD00C4E3CE /* Json FIles */ = {
			isa = PBXGroup;
			children = (
				8E6AF9A0290D44A0005F4B62 /* pets_list.json */,
				8E6AF9A2290D44AF005F4B62 /* config.json */,
			);
			path = "Json FIles";
			sourceTree = "<group>";
		};
		650AA8C22910E30800C4E3CE /* ErrorHandler */ = {
			isa = PBXGroup;
			children = (
				650AA8C32910E31C00C4E3CE /* PetsError.swift */,
			);
			path = ErrorHandler;
			sourceTree = "<group>";
		};
		650AA8C72910EC8A00C4E3CE /* Presentation */ = {
			isa = PBXGroup;
			children = (
				650AA8CB2910ECC400C4E3CE /* PetDetail */,
				650AA8CA2910ECA200C4E3CE /* PetList */,
				650AA8CC2910ECDD00C4E3CE /* ReusableCell */,
			);
			path = Presentation;
			sourceTree = "<group>";
		};
		650AA8CA2910ECA200C4E3CE /* PetList */ = {
			isa = PBXGroup;
			children = (
				8E6AF99E290D2677005F4B62 /* PetsListViewModel.swift */,
				8E6AF998290D21BF005F4B62 /* PetsListViewController.swift */,
			);
			path = PetList;
			sourceTree = "<group>";
		};
		650AA8CB2910ECC400C4E3CE /* PetDetail */ = {
			isa = PBXGroup;
			children = (
				8E9E7F252910C81E00973838 /* PetDetailViewModel.swift */,
				8E6AF9AE290E73F0005F4B62 /* PetDetailViewController.swift */,
			);
			path = PetDetail;
			sourceTree = "<group>";
		};
		650AA8CC2910ECDD00C4E3CE /* ReusableCell */ = {
			isa = PBXGroup;
			children = (
				8E6AF9AA290E3831005F4B62 /* PetList */,
			);
			path = ReusableCell;
			sourceTree = "<group>";
		};
		650AA8CD2910ED0700C4E3CE /* DataModel */ = {
			isa = PBXGroup;
			children = (
				8E6AF9A4290D7CCA005F4B62 /* PetsListResponseModel.swift */,
				8E6AF9B1290F609A005F4B62 /* ConfigModel.swift */,
				650AA8CE2910F1C800C4E3CE /* Operation.swift */,
			);
			path = DataModel;
			sourceTree = "<group>";
		};
		8E6AF949290D1BE6005F4B62 = {
			isa = PBXGroup;
			children = (
				8E6AF954290D1BE6005F4B62 /* PetsApp_Vivek */,
				8E6AF96B290D1BE7005F4B62 /* PetsApp_VivekTests */,
				8E6AF953290D1BE6005F4B62 /* Products */,
				A343BB5AAA8E2D40FE3EA4F1 /* Pods */,
				E667534398BF1D22283894BF /* Frameworks */,
			);
			sourceTree = "<group>";
		};
		8E6AF953290D1BE6005F4B62 /* Products */ = {
			isa = PBXGroup;
			children = (
				8E6AF952290D1BE6005F4B62 /* PetsApp_Vivek.app */,
				8E6AF968290D1BE7005F4B62 /* PetsApp_VivekTests.xctest */,
			);
			name = Products;
			sourceTree = "<group>";
		};
		8E6AF954290D1BE6005F4B62 /* PetsApp_Vivek */ = {
			isa = PBXGroup;
			children = (
				650AA8CD2910ED0700C4E3CE /* DataModel */,
				650AA8C72910EC8A00C4E3CE /* Presentation */,
				650AA8C22910E30800C4E3CE /* ErrorHandler */,
				650AA8C12910E2AD00C4E3CE /* Json FIles */,
				8E6AF98F290D1D59005F4B62 /* Manager */,
				8E6AF98E290D1D47005F4B62 /* Utils */,
				8E6AF955290D1BE6005F4B62 /* AppDelegate.swift */,
				8E6AF957290D1BE6005F4B62 /* SceneDelegate.swift */,
				8E6AF95B290D1BE6005F4B62 /* Main.storyboard */,
				8E6AF95E290D1BE7005F4B62 /* Assets.xcassets */,
				8E6AF960290D1BE7005F4B62 /* LaunchScreen.storyboard */,
				8E6AF963290D1BE7005F4B62 /* Info.plist */,
			);
			path = PetsApp_Vivek;
			sourceTree = "<group>";
		};
		8E6AF96B290D1BE7005F4B62 /* PetsApp_VivekTests */ = {
			isa = PBXGroup;
			children = (
				8E6AF9B3291046C1005F4B62 /* PetList */,
			);
			path = PetsApp_VivekTests;
			sourceTree = "<group>";
		};
		8E6AF98E290D1D47005F4B62 /* Utils */ = {
			isa = PBXGroup;
			children = (
				8E6AF9A6290D910E005F4B62 /* Extensions.swift */,
				8E6AF9A8290E33BA005F4B62 /* Constants.swift */,
			);
			path = Utils;
			sourceTree = "<group>";
		};
		8E6AF98F290D1D59005F4B62 /* Manager */ = {
			isa = PBXGroup;
			children = (
				650AA8C52910E9B800C4E3CE /* DataManager.swift */,
				8E10C0D8291209310004C974 /* MockDataManager.swift */,
			);
			path = Manager;
			sourceTree = "<group>";
		};
		8E6AF9AA290E3831005F4B62 /* PetList */ = {
			isa = PBXGroup;
			children = (
				8E6AF9AB290E388B005F4B62 /* PetsListTableCell.swift */,
			);
			path = PetList;
			sourceTree = "<group>";
		};
		8E6AF9B3291046C1005F4B62 /* PetList */ = {
			isa = PBXGroup;
			children = (
				8E9FFF6929117AA2008FD705 /* PetListTest.swift */,
			);
			path = PetList;
			sourceTree = "<group>";
		};
		A343BB5AAA8E2D40FE3EA4F1 /* Pods */ = {
			isa = PBXGroup;
			children = (
				0B7E74714B97651C920651FA /* Pods-PetsApp_Vivek.debug.xcconfig */,
				7C64724F45C62C79E3E5867E /* Pods-PetsApp_Vivek.release.xcconfig */,
				B63D093F2072959F12648380 /* Pods-PetsApp_VivekTests.debug.xcconfig */,
				1C160DE2FA8694B35F67F5F1 /* Pods-PetsApp_VivekTests.release.xcconfig */,
			);
			path = Pods;
			sourceTree = "<group>";
		};
		E667534398BF1D22283894BF /* Frameworks */ = {
			isa = PBXGroup;
			children = (
				12A806D6327B576D3BA2B51F /* Pods_PetsApp_Vivek.framework */,
				C78A967D6FDADDFB4817FD02 /* Pods_PetsApp_VivekTests.framework */,
			);
			name = Frameworks;
			sourceTree = "<group>";
		};
/* End PBXGroup section */

/* Begin PBXNativeTarget section */
		8E6AF951290D1BE6005F4B62 /* PetsApp_Vivek */ = {
			isa = PBXNativeTarget;
			buildConfigurationList = 8E6AF97C290D1BE7005F4B62 /* Build configuration list for PBXNativeTarget "PetsApp_Vivek" */;
			buildPhases = (
				04CE0E42A26A85F1CE0093C0 /* [CP] Check Pods Manifest.lock */,
				8E6AF94E290D1BE6005F4B62 /* Sources */,
				8E6AF94F290D1BE6005F4B62 /* Frameworks */,
				8E6AF950290D1BE6005F4B62 /* Resources */,
				B6F74D976358876CED02FABC /* [CP] Embed Pods Frameworks */,
			);
			buildRules = (
			);
			dependencies = (
			);
			name = PetsApp_Vivek;
			productName = PetsApp_Vivek;
			productReference = 8E6AF952290D1BE6005F4B62 /* PetsApp_Vivek.app */;
			productType = "com.apple.product-type.application";
		};
		8E6AF967290D1BE7005F4B62 /* PetsApp_VivekTests */ = {
			isa = PBXNativeTarget;
			buildConfigurationList = 8E6AF97F290D1BE7005F4B62 /* Build configuration list for PBXNativeTarget "PetsApp_VivekTests" */;
			buildPhases = (
				4E663169595A2F4D5211F5EE /* [CP] Check Pods Manifest.lock */,
				8E6AF964290D1BE7005F4B62 /* Sources */,
				8E6AF965290D1BE7005F4B62 /* Frameworks */,
				8E6AF966290D1BE7005F4B62 /* Resources */,
			);
			buildRules = (
			);
			dependencies = (
				8E6AF96A290D1BE7005F4B62 /* PBXTargetDependency */,
			);
			name = PetsApp_VivekTests;
			productName = PetsApp_VivekTests;
			productReference = 8E6AF968290D1BE7005F4B62 /* PetsApp_VivekTests.xctest */;
			productType = "com.apple.product-type.bundle.unit-test";
		};
/* End PBXNativeTarget section */

/* Begin PBXProject section */
		8E6AF94A290D1BE6005F4B62 /* Project object */ = {
			isa = PBXProject;
			attributes = {
				BuildIndependentTargetsInParallel = 1;
				LastSwiftUpdateCheck = 1340;
				LastUpgradeCheck = 1340;
				TargetAttributes = {
					8E6AF951290D1BE6005F4B62 = {
						CreatedOnToolsVersion = 13.4.1;
					};
					8E6AF967290D1BE7005F4B62 = {
						CreatedOnToolsVersion = 13.4.1;
						LastSwiftMigration = 1340;
						TestTargetID = 8E6AF951290D1BE6005F4B62;
					};
				};
			};
			buildConfigurationList = 8E6AF94D290D1BE6005F4B62 /* Build configuration list for PBXProject "PetsApp_Vivek" */;
			compatibilityVersion = "Xcode 13.0";
			developmentRegion = en;
			hasScannedForEncodings = 0;
			knownRegions = (
				en,
				Base,
			);
			mainGroup = 8E6AF949290D1BE6005F4B62;
			productRefGroup = 8E6AF953290D1BE6005F4B62 /* Products */;
			projectDirPath = "";
			projectRoot = "";
			targets = (
				8E6AF951290D1BE6005F4B62 /* PetsApp_Vivek */,
				8E6AF967290D1BE7005F4B62 /* PetsApp_VivekTests */,
			);
		};
/* End PBXProject section */

/* Begin PBXResourcesBuildPhase section */
		8E6AF950290D1BE6005F4B62 /* Resources */ = {
			isa = PBXResourcesBuildPhase;
			buildActionMask = 2147483647;
			files = (
				8E6AF962290D1BE7005F4B62 /* LaunchScreen.storyboard in Resources */,
				8E6AF9A1290D44A0005F4B62 /* pets_list.json in Resources */,
				8E6AF9A3290D44AF005F4B62 /* config.json in Resources */,
				8E6AF95F290D1BE7005F4B62 /* Assets.xcassets in Resources */,
				8E6AF95D290D1BE6005F4B62 /* Main.storyboard in Resources */,
			);
			runOnlyForDeploymentPostprocessing = 0;
		};
		8E6AF966290D1BE7005F4B62 /* Resources */ = {
			isa = PBXResourcesBuildPhase;
			buildActionMask = 2147483647;
			files = (
			);
			runOnlyForDeploymentPostprocessing = 0;
		};
/* End PBXResourcesBuildPhase section */

/* Begin PBXShellScriptBuildPhase section */
		04CE0E42A26A85F1CE0093C0 /* [CP] Check Pods Manifest.lock */ = {
			isa = PBXShellScriptBuildPhase;
			buildActionMask = 2147483647;
			files = (
			);
			inputFileListPaths = (
			);
			inputPaths = (
				"${PODS_PODFILE_DIR_PATH}/Podfile.lock",
				"${PODS_ROOT}/Manifest.lock",
			);
			name = "[CP] Check Pods Manifest.lock";
			outputFileListPaths = (
			);
			outputPaths = (
				"$(DERIVED_FILE_DIR)/Pods-PetsApp_Vivek-checkManifestLockResult.txt",
			);
			runOnlyForDeploymentPostprocessing = 0;
			shellPath = /bin/sh;
			shellScript = "diff \"${PODS_PODFILE_DIR_PATH}/Podfile.lock\" \"${PODS_ROOT}/Manifest.lock\" > /dev/null\nif [ $? != 0 ] ; then\n    # print error to STDERR\n    echo \"error: The sandbox is not in sync with the Podfile.lock. Run 'pod install' or update your CocoaPods installation.\" >&2\n    exit 1\nfi\n# This output is used by Xcode 'outputs' to avoid re-running this script phase.\necho \"SUCCESS\" > \"${SCRIPT_OUTPUT_FILE_0}\"\n";
			showEnvVarsInLog = 0;
		};
		4E663169595A2F4D5211F5EE /* [CP] Check Pods Manifest.lock */ = {
			isa = PBXShellScriptBuildPhase;
			buildActionMask = 2147483647;
			files = (
			);
			inputFileListPaths = (
			);
			inputPaths = (
				"${PODS_PODFILE_DIR_PATH}/Podfile.lock",
				"${PODS_ROOT}/Manifest.lock",
			);
			name = "[CP] Check Pods Manifest.lock";
			outputFileListPaths = (
			);
			outputPaths = (
				"$(DERIVED_FILE_DIR)/Pods-PetsApp_VivekTests-checkManifestLockResult.txt",
			);
			runOnlyForDeploymentPostprocessing = 0;
			shellPath = /bin/sh;
			shellScript = "diff \"${PODS_PODFILE_DIR_PATH}/Podfile.lock\" \"${PODS_ROOT}/Manifest.lock\" > /dev/null\nif [ $? != 0 ] ; then\n    # print error to STDERR\n    echo \"error: The sandbox is not in sync with the Podfile.lock. Run 'pod install' or update your CocoaPods installation.\" >&2\n    exit 1\nfi\n# This output is used by Xcode 'outputs' to avoid re-running this script phase.\necho \"SUCCESS\" > \"${SCRIPT_OUTPUT_FILE_0}\"\n";
			showEnvVarsInLog = 0;
		};
		B6F74D976358876CED02FABC /* [CP] Embed Pods Frameworks */ = {
			isa = PBXShellScriptBuildPhase;
			buildActionMask = 2147483647;
			files = (
			);
			inputFileListPaths = (
				"${PODS_ROOT}/Target Support Files/Pods-PetsApp_Vivek/Pods-PetsApp_Vivek-frameworks-${CONFIGURATION}-input-files.xcfilelist",
			);
			name = "[CP] Embed Pods Frameworks";
			outputFileListPaths = (
				"${PODS_ROOT}/Target Support Files/Pods-PetsApp_Vivek/Pods-PetsApp_Vivek-frameworks-${CONFIGURATION}-output-files.xcfilelist",
			);
			runOnlyForDeploymentPostprocessing = 0;
			shellPath = /bin/sh;
			shellScript = "\"${PODS_ROOT}/Target Support Files/Pods-PetsApp_Vivek/Pods-PetsApp_Vivek-frameworks.sh\"\n";
			showEnvVarsInLog = 0;
		};
/* End PBXShellScriptBuildPhase section */

/* Begin PBXSourcesBuildPhase section */
		8E6AF94E290D1BE6005F4B62 /* Sources */ = {
			isa = PBXSourcesBuildPhase;
			buildActionMask = 2147483647;
			files = (
				8E6AF999290D21BF005F4B62 /* PetsListViewController.swift in Sources */,
				8E10C0D9291209310004C974 /* MockDataManager.swift in Sources */,
				650AA8CF2910F1C800C4E3CE /* Operation.swift in Sources */,
				8E6AF956290D1BE6005F4B62 /* AppDelegate.swift in Sources */,
				8E6AF9AC290E388B005F4B62 /* PetsListTableCell.swift in Sources */,
				8E6AF99F290D2677005F4B62 /* PetsListViewModel.swift in Sources */,
				8E6AF9A5290D7CCA005F4B62 /* PetsListResponseModel.swift in Sources */,
				8E6AF958290D1BE6005F4B62 /* SceneDelegate.swift in Sources */,
				8E6AF9AF290E73F0005F4B62 /* PetDetailViewController.swift in Sources */,
				8E9E7F262910C81E00973838 /* PetDetailViewModel.swift in Sources */,
				650AA8C42910E31C00C4E3CE /* PetsError.swift in Sources */,
				8E6AF9A7290D910E005F4B62 /* Extensions.swift in Sources */,
				8E6AF9A9290E33BA005F4B62 /* Constants.swift in Sources */,
				650AA8C62910E9B800C4E3CE /* DataManager.swift in Sources */,
				8E6AF9B2290F609B005F4B62 /* ConfigModel.swift in Sources */,
			);
			runOnlyForDeploymentPostprocessing = 0;
		};
		8E6AF964290D1BE7005F4B62 /* Sources */ = {
			isa = PBXSourcesBuildPhase;
			buildActionMask = 2147483647;
			files = (
				8E9FFF6A29117AA2008FD705 /* PetListTest.swift in Sources */,
			);
			runOnlyForDeploymentPostprocessing = 0;
		};
/* End PBXSourcesBuildPhase section */

/* Begin PBXTargetDependency section */
		8E6AF96A290D1BE7005F4B62 /* PBXTargetDependency */ = {
			isa = PBXTargetDependency;
			target = 8E6AF951290D1BE6005F4B62 /* PetsApp_Vivek */;
			targetProxy = 8E6AF969290D1BE7005F4B62 /* PBXContainerItemProxy */;
		};
/* End PBXTargetDependency section */

/* Begin PBXVariantGroup section */
		8E6AF95B290D1BE6005F4B62 /* Main.storyboard */ = {
			isa = PBXVariantGroup;
			children = (
				8E6AF95C290D1BE6005F4B62 /* Base */,
			);
			name = Main.storyboard;
			sourceTree = "<group>";
		};
		8E6AF960290D1BE7005F4B62 /* LaunchScreen.storyboard */ = {
			isa = PBXVariantGroup;
			children = (
				8E6AF961290D1BE7005F4B62 /* Base */,
			);
			name = LaunchScreen.storyboard;
			sourceTree = "<group>";
		};
/* End PBXVariantGroup section */

/* Begin XCBuildConfiguration section */
		8E6AF97A290D1BE7005F4B62 /* Debug */ = {
			isa = XCBuildConfiguration;
			buildSettings = {
				ALWAYS_SEARCH_USER_PATHS = NO;
				CLANG_ANALYZER_NONNULL = YES;
				CLANG_ANALYZER_NUMBER_OBJECT_CONVERSION = YES_AGGRESSIVE;
				CLANG_CXX_LANGUAGE_STANDARD = "gnu++17";
				CLANG_ENABLE_MODULES = YES;
				CLANG_ENABLE_OBJC_ARC = YES;
				CLANG_ENABLE_OBJC_WEAK = YES;
				CLANG_WARN_BLOCK_CAPTURE_AUTORELEASING = YES;
				CLANG_WARN_BOOL_CONVERSION = YES;
				CLANG_WARN_COMMA = YES;
				CLANG_WARN_CONSTANT_CONVERSION = YES;
				CLANG_WARN_DEPRECATED_OBJC_IMPLEMENTATIONS = YES;
				CLANG_WARN_DIRECT_OBJC_ISA_USAGE = YES_ERROR;
				CLANG_WARN_DOCUMENTATION_COMMENTS = YES;
				CLANG_WARN_EMPTY_BODY = YES;
				CLANG_WARN_ENUM_CONVERSION = YES;
				CLANG_WARN_INFINITE_RECURSION = YES;
				CLANG_WARN_INT_CONVERSION = YES;
				CLANG_WARN_NON_LITERAL_NULL_CONVERSION = YES;
				CLANG_WARN_OBJC_IMPLICIT_RETAIN_SELF = YES;
				CLANG_WARN_OBJC_LITERAL_CONVERSION = YES;
				CLANG_WARN_OBJC_ROOT_CLASS = YES_ERROR;
				CLANG_WARN_QUOTED_INCLUDE_IN_FRAMEWORK_HEADER = YES;
				CLANG_WARN_RANGE_LOOP_ANALYSIS = YES;
				CLANG_WARN_STRICT_PROTOTYPES = YES;
				CLANG_WARN_SUSPICIOUS_MOVE = YES;
				CLANG_WARN_UNGUARDED_AVAILABILITY = YES_AGGRESSIVE;
				CLANG_WARN_UNREACHABLE_CODE = YES;
				CLANG_WARN__DUPLICATE_METHOD_MATCH = YES;
				COPY_PHASE_STRIP = NO;
				DEBUG_INFORMATION_FORMAT = dwarf;
				ENABLE_STRICT_OBJC_MSGSEND = YES;
				ENABLE_TESTABILITY = YES;
				GCC_C_LANGUAGE_STANDARD = gnu11;
				GCC_DYNAMIC_NO_PIC = NO;
				GCC_NO_COMMON_BLOCKS = YES;
				GCC_OPTIMIZATION_LEVEL = 0;
				GCC_PREPROCESSOR_DEFINITIONS = (
					"DEBUG=1",
					"$(inherited)",
				);
				GCC_WARN_64_TO_32_BIT_CONVERSION = YES;
				GCC_WARN_ABOUT_RETURN_TYPE = YES_ERROR;
				GCC_WARN_UNDECLARED_SELECTOR = YES;
				GCC_WARN_UNINITIALIZED_AUTOS = YES_AGGRESSIVE;
				GCC_WARN_UNUSED_FUNCTION = YES;
				GCC_WARN_UNUSED_VARIABLE = YES;
				IPHONEOS_DEPLOYMENT_TARGET = 15.5;
				MTL_ENABLE_DEBUG_INFO = INCLUDE_SOURCE;
				MTL_FAST_MATH = YES;
				ONLY_ACTIVE_ARCH = YES;
				SDKROOT = iphoneos;
				SWIFT_ACTIVE_COMPILATION_CONDITIONS = DEBUG;
				SWIFT_OPTIMIZATION_LEVEL = "-Onone";
			};
			name = Debug;
		};
		8E6AF97B290D1BE7005F4B62 /* Release */ = {
			isa = XCBuildConfiguration;
			buildSettings = {
				ALWAYS_SEARCH_USER_PATHS = NO;
				CLANG_ANALYZER_NONNULL = YES;
				CLANG_ANALYZER_NUMBER_OBJECT_CONVERSION = YES_AGGRESSIVE;
				CLANG_CXX_LANGUAGE_STANDARD = "gnu++17";
				CLANG_ENABLE_MODULES = YES;
				CLANG_ENABLE_OBJC_ARC = YES;
				CLANG_ENABLE_OBJC_WEAK = YES;
				CLANG_WARN_BLOCK_CAPTURE_AUTORELEASING = YES;
				CLANG_WARN_BOOL_CONVERSION = YES;
				CLANG_WARN_COMMA = YES;
				CLANG_WARN_CONSTANT_CONVERSION = YES;
				CLANG_WARN_DEPRECATED_OBJC_IMPLEMENTATIONS = YES;
				CLANG_WARN_DIRECT_OBJC_ISA_USAGE = YES_ERROR;
				CLANG_WARN_DOCUMENTATION_COMMENTS = YES;
				CLANG_WARN_EMPTY_BODY = YES;
				CLANG_WARN_ENUM_CONVERSION = YES;
				CLANG_WARN_INFINITE_RECURSION = YES;
				CLANG_WARN_INT_CONVERSION = YES;
				CLANG_WARN_NON_LITERAL_NULL_CONVERSION = YES;
				CLANG_WARN_OBJC_IMPLICIT_RETAIN_SELF = YES;
				CLANG_WARN_OBJC_LITERAL_CONVERSION = YES;
				CLANG_WARN_OBJC_ROOT_CLASS = YES_ERROR;
				CLANG_WARN_QUOTED_INCLUDE_IN_FRAMEWORK_HEADER = YES;
				CLANG_WARN_RANGE_LOOP_ANALYSIS = YES;
				CLANG_WARN_STRICT_PROTOTYPES = YES;
				CLANG_WARN_SUSPICIOUS_MOVE = YES;
				CLANG_WARN_UNGUARDED_AVAILABILITY = YES_AGGRESSIVE;
				CLANG_WARN_UNREACHABLE_CODE = YES;
				CLANG_WARN__DUPLICATE_METHOD_MATCH = YES;
				COPY_PHASE_STRIP = NO;
				DEBUG_INFORMATION_FORMAT = "dwarf-with-dsym";
				ENABLE_NS_ASSERTIONS = NO;
				ENABLE_STRICT_OBJC_MSGSEND = YES;
				GCC_C_LANGUAGE_STANDARD = gnu11;
				GCC_NO_COMMON_BLOCKS = YES;
				GCC_WARN_64_TO_32_BIT_CONVERSION = YES;
				GCC_WARN_ABOUT_RETURN_TYPE = YES_ERROR;
				GCC_WARN_UNDECLARED_SELECTOR = YES;
				GCC_WARN_UNINITIALIZED_AUTOS = YES_AGGRESSIVE;
				GCC_WARN_UNUSED_FUNCTION = YES;
				GCC_WARN_UNUSED_VARIABLE = YES;
				IPHONEOS_DEPLOYMENT_TARGET = 15.5;
				MTL_ENABLE_DEBUG_INFO = NO;
				MTL_FAST_MATH = YES;
				SDKROOT = iphoneos;
				SWIFT_COMPILATION_MODE = wholemodule;
				SWIFT_OPTIMIZATION_LEVEL = "-O";
				VALIDATE_PRODUCT = YES;
			};
			name = Release;
		};
		8E6AF97D290D1BE7005F4B62 /* Debug */ = {
			isa = XCBuildConfiguration;
			baseConfigurationReference = 0B7E74714B97651C920651FA /* Pods-PetsApp_Vivek.debug.xcconfig */;
			buildSettings = {
				ASSETCATALOG_COMPILER_APPICON_NAME = AppIcon;
				ASSETCATALOG_COMPILER_GLOBAL_ACCENT_COLOR_NAME = AccentColor;
				CODE_SIGN_STYLE = Automatic;
				CURRENT_PROJECT_VERSION = 1;
				GENERATE_INFOPLIST_FILE = YES;
				INFOPLIST_FILE = PetsApp_Vivek/Info.plist;
				INFOPLIST_KEY_UIApplicationSupportsIndirectInputEvents = YES;
				INFOPLIST_KEY_UILaunchStoryboardName = LaunchScreen;
				INFOPLIST_KEY_UIMainStoryboardFile = Main;
				INFOPLIST_KEY_UISupportedInterfaceOrientations_iPad = "UIInterfaceOrientationPortrait UIInterfaceOrientationPortraitUpsideDown UIInterfaceOrientationLandscapeLeft UIInterfaceOrientationLandscapeRight";
				INFOPLIST_KEY_UISupportedInterfaceOrientations_iPhone = "UIInterfaceOrientationPortrait UIInterfaceOrientationLandscapeLeft UIInterfaceOrientationLandscapeRight";
				LD_RUNPATH_SEARCH_PATHS = (
					"$(inherited)",
					"@executable_path/Frameworks",
				);
				MARKETING_VERSION = 1.0;
				PRODUCT_BUNDLE_IDENTIFIER = "Vivek.PetsApp-Vivek";
				PRODUCT_NAME = "$(TARGET_NAME)";
				SWIFT_EMIT_LOC_STRINGS = YES;
				SWIFT_VERSION = 5.0;
				TARGETED_DEVICE_FAMILY = "1,2";
			};
			name = Debug;
		};
		8E6AF97E290D1BE7005F4B62 /* Release */ = {
			isa = XCBuildConfiguration;
			baseConfigurationReference = 7C64724F45C62C79E3E5867E /* Pods-PetsApp_Vivek.release.xcconfig */;
			buildSettings = {
				ASSETCATALOG_COMPILER_APPICON_NAME = AppIcon;
				ASSETCATALOG_COMPILER_GLOBAL_ACCENT_COLOR_NAME = AccentColor;
				CODE_SIGN_STYLE = Automatic;
				CURRENT_PROJECT_VERSION = 1;
				GENERATE_INFOPLIST_FILE = YES;
				INFOPLIST_FILE = PetsApp_Vivek/Info.plist;
				INFOPLIST_KEY_UIApplicationSupportsIndirectInputEvents = YES;
				INFOPLIST_KEY_UILaunchStoryboardName = LaunchScreen;
				INFOPLIST_KEY_UIMainStoryboardFile = Main;
				INFOPLIST_KEY_UISupportedInterfaceOrientations_iPad = "UIInterfaceOrientationPortrait UIInterfaceOrientationPortraitUpsideDown UIInterfaceOrientationLandscapeLeft UIInterfaceOrientationLandscapeRight";
				INFOPLIST_KEY_UISupportedInterfaceOrientations_iPhone = "UIInterfaceOrientationPortrait UIInterfaceOrientationLandscapeLeft UIInterfaceOrientationLandscapeRight";
				LD_RUNPATH_SEARCH_PATHS = (
					"$(inherited)",
					"@executable_path/Frameworks",
				);
				MARKETING_VERSION = 1.0;
				PRODUCT_BUNDLE_IDENTIFIER = "Vivek.PetsApp-Vivek";
				PRODUCT_NAME = "$(TARGET_NAME)";
				SWIFT_EMIT_LOC_STRINGS = YES;
				SWIFT_VERSION = 5.0;
				TARGETED_DEVICE_FAMILY = "1,2";
			};
			name = Release;
		};
		8E6AF980290D1BE7005F4B62 /* Debug */ = {
			isa = XCBuildConfiguration;
			baseConfigurationReference = B63D093F2072959F12648380 /* Pods-PetsApp_VivekTests.debug.xcconfig */;
			buildSettings = {
				ALWAYS_EMBED_SWIFT_STANDARD_LIBRARIES = YES;
				BUNDLE_LOADER = "$(TEST_HOST)";
				CLANG_ENABLE_MODULES = YES;
				CODE_SIGN_STYLE = Automatic;
				CURRENT_PROJECT_VERSION = 1;
				GENERATE_INFOPLIST_FILE = YES;
				IPHONEOS_DEPLOYMENT_TARGET = 15.5;
				LD_RUNPATH_SEARCH_PATHS = (
					"$(inherited)",
					"@executable_path/Frameworks",
					"@loader_path/Frameworks",
				);
				MARKETING_VERSION = 1.0;
				PRODUCT_BUNDLE_IDENTIFIER = "Vivek.PetsApp-VivekTests";
				PRODUCT_NAME = "$(TARGET_NAME)";
				SWIFT_EMIT_LOC_STRINGS = NO;
				SWIFT_OPTIMIZATION_LEVEL = "-Onone";
				SWIFT_VERSION = 5.0;
				TARGETED_DEVICE_FAMILY = "1,2";
				TEST_HOST = "$(BUILT_PRODUCTS_DIR)/PetsApp_Vivek.app/PetsApp_Vivek";
			};
			name = Debug;
		};
		8E6AF981290D1BE7005F4B62 /* Release */ = {
			isa = XCBuildConfiguration;
			baseConfigurationReference = 1C160DE2FA8694B35F67F5F1 /* Pods-PetsApp_VivekTests.release.xcconfig */;
			buildSettings = {
				ALWAYS_EMBED_SWIFT_STANDARD_LIBRARIES = YES;
				BUNDLE_LOADER = "$(TEST_HOST)";
				CLANG_ENABLE_MODULES = YES;
				CODE_SIGN_STYLE = Automatic;
				CURRENT_PROJECT_VERSION = 1;
				GENERATE_INFOPLIST_FILE = YES;
				IPHONEOS_DEPLOYMENT_TARGET = 15.5;
				LD_RUNPATH_SEARCH_PATHS = (
					"$(inherited)",
					"@executable_path/Frameworks",
					"@loader_path/Frameworks",
				);
				MARKETING_VERSION = 1.0;
				PRODUCT_BUNDLE_IDENTIFIER = "Vivek.PetsApp-VivekTests";
				PRODUCT_NAME = "$(TARGET_NAME)";
				SWIFT_EMIT_LOC_STRINGS = NO;
				SWIFT_VERSION = 5.0;
				TARGETED_DEVICE_FAMILY = "1,2";
				TEST_HOST = "$(BUILT_PRODUCTS_DIR)/PetsApp_Vivek.app/PetsApp_Vivek";
			};
			name = Release;
		};
/* End XCBuildConfiguration section */

/* Begin XCConfigurationList section */
		8E6AF94D290D1BE6005F4B62 /* Build configuration list for PBXProject "PetsApp_Vivek" */ = {
			isa = XCConfigurationList;
			buildConfigurations = (
				8E6AF97A290D1BE7005F4B62 /* Debug */,
				8E6AF97B290D1BE7005F4B62 /* Release */,
			);
			defaultConfigurationIsVisible = 0;
			defaultConfigurationName = Release;
		};
		8E6AF97C290D1BE7005F4B62 /* Build configuration list for PBXNativeTarget "PetsApp_Vivek" */ = {
			isa = XCConfigurationList;
			buildConfigurations = (
				8E6AF97D290D1BE7005F4B62 /* Debug */,
				8E6AF97E290D1BE7005F4B62 /* Release */,
			);
			defaultConfigurationIsVisible = 0;
			defaultConfigurationName = Release;
		};
		8E6AF97F290D1BE7005F4B62 /* Build configuration list for PBXNativeTarget "PetsApp_VivekTests" */ = {
			isa = XCConfigurationList;
			buildConfigurations = (
				8E6AF980290D1BE7005F4B62 /* Debug */,
				8E6AF981290D1BE7005F4B62 /* Release */,
			);
			defaultConfigurationIsVisible = 0;
			defaultConfigurationName = Release;
		};
/* End XCConfigurationList section */
	};
	rootObject = 8E6AF94A290D1BE6005F4B62 /* Project object */;
}
